
Microsoft Visual Studio Solution File, Format Version 12.00
# Visual Studio Version 16
VisualStudioVersion = 16.0.34031.81
MinimumVisualStudioVersion = 10.0.40219.1
Project("{2150E333-8FDC-42A3-9474-1A3956D46DE8}") = "TaskReview", "TaskReview", "{F616693B-7669-47EE-922F-F98061C465B3}"
EndProject
Project("{FAE04EC0-301F-11D3-BF4B-00C04F79EFBC}") = "Tyuiu.MolodykhVY.Sprint3.TaskReview.V25", "Tyuiu.MolodykhVY.Sprint3.TaskReview.V25\Tyuiu.MolodykhVY.Sprint3.TaskReview.V25.csproj", "{67F9C59C-DA34-4CB4-9A33-0064DEC62DE7}"
EndProject
Project("{FAE04EC0-301F-11D3-BF4B-00C04F79EFBC}") = "Tyuiu.MolodykhVY.Sprint3.TaskReview.V25.Test", "Tyuiu.MolodykhVY.Sprint3.TaskReview.V25.Test\Tyuiu.MolodykhVY.Sprint3.TaskReview.V25.Test.csproj", "{087073C6-0728-4931-BE86-E945AE89398F}"
EndProject
Project("{FAE04EC0-301F-11D3-BF4B-00C04F79EFBC}") = "Tyuiu.MolodykhVY.Spriint3.TaskReview.V25.Lib", "Tyuiu.MolodykhVY.Spriint3.TaskReview.V25.Lib\Tyuiu.MolodykhVY.Spriint3.TaskReview.V25.Lib.csproj", "{3590526A-0484-42BF-97E6-A4AF06F00902}"
EndProject
Global
	GlobalSection(SolutionConfigurationPlatforms) = preSolution
		Debug|Any CPU = Debug|Any CPU
		Release|Any CPU = Release|Any CPU
	EndGlobalSection
	GlobalSection(ProjectConfigurationPlatforms) = postSolution
		{67F9C59C-DA34-4CB4-9A33-0064DEC62DE7}.Debug|Any CPU.ActiveCfg = Debug|Any CPU
		{67F9C59C-DA34-4CB4-9A33-0064DEC62DE7}.Debug|Any CPU.Build.0 = Debug|Any CPU
		{67F9C59C-DA34-4CB4-9A33-0064DEC62DE7}.Release|Any CPU.ActiveCfg = Release|Any CPU
		{67F9C59C-DA34-4CB4-9A33-0064DEC62DE7}.Release|Any CPU.Build.0 = Release|Any CPU
		{087073C6-0728-4931-BE86-E945AE89398F}.Debug|Any CPU.ActiveCfg = Debug|Any CPU
		{087073C6-0728-4931-BE86-E945AE89398F}.Debug|Any CPU.Build.0 = Debug|Any CPU
		{087073C6-0728-4931-BE86-E945AE89398F}.Release|Any CPU.ActiveCfg = Release|Any CPU
		{087073C6-0728-4931-BE86-E945AE89398F}.Release|Any CPU.Build.0 = Release|Any CPU
		{3590526A-0484-42BF-97E6-A4AF06F00902}.Debug|Any CPU.ActiveCfg = Debug|Any CPU
		{3590526A-0484-42BF-97E6-A4AF06F00902}.Debug|Any CPU.Build.0 = Debug|Any CPU
		{3590526A-0484-42BF-97E6-A4AF06F00902}.Release|Any CPU.ActiveCfg = Release|Any CPU
		{3590526A-0484-42BF-97E6-A4AF06F00902}.Release|Any CPU.Build.0 = Release|Any CPU
	EndGlobalSection
	GlobalSection(SolutionProperties) = preSolution
		HideSolutionNode = FALSE
	EndGlobalSection
	GlobalSection(NestedProjects) = preSolution
		{67F9C59C-DA34-4CB4-9A33-0064DEC62DE7} = {F616693B-7669-47EE-922F-F98061C465B3}
		{087073C6-0728-4931-BE86-E945AE89398F} = {F616693B-7669-47EE-922F-F98061C465B3}
		{3590526A-0484-42BF-97E6-A4AF06F00902} = {F616693B-7669-47EE-922F-F98061C465B3}
	EndGlobalSection
	GlobalSection(ExtensibilityGlobals) = postSolution
		SolutionGuid = {964B7DFA-3321-4AF6-AF58-FD48BD19243D}
	EndGlobalSection
EndGlobal
